// !$*UTF8*$!
{
	archiveVersion = 1;
	classes = {
	};
	objectVersion = 77;
	objects = {

/* Begin PBXBuildFile section */
		B562D8022EC8ED28006C7BF9 /* WidgetKit.framework in Frameworks */ = {isa = PBXBuildFile; fileRef = B562D8012EC8ED28006C7BF9 /* WidgetKit.framework */; };
		B562D8042EC8ED28006C7BF9 /* SwiftUI.framework in Frameworks */ = {isa = PBXBuildFile; fileRef = B562D8032EC8ED28006C7BF9 /* SwiftUI.framework */; };
		B562D8132EC8ED2A006C7BF9 /* LifeOSWidgetsExtension.appex in Embed Foundation Extensions */ = {isa = PBXBuildFile; fileRef = B562D7FF2EC8ED28006C7BF9 /* LifeOSWidgetsExtension.appex */; settings = {ATTRIBUTES = (RemoveHeadersOnCopy, ); }; };
		B562D8192EC8ED32006C7BF9 /* LifeOSWidgets.swift in Sources */ = {isa = PBXBuildFile; fileRef = B562D7F82EC8ECCF006C7BF9 /* LifeOSWidgets.swift */; };
/* End PBXBuildFile section */

/* Begin PBXContainerItemProxy section */
		B562D8112EC8ED2A006C7BF9 /* PBXContainerItemProxy */ = {
			isa = PBXContainerItemProxy;
			containerPortal = B5F98DB72EC832FC00E7CC97 /* Project object */;
			proxyType = 1;
			remoteGlobalIDString = B562D7FE2EC8ED28006C7BF9;
			remoteInfo = LifeOSWidgetsExtension;
		};
/* End PBXContainerItemProxy section */

/* Begin PBXCopyFilesBuildPhase section */
		B562D8182EC8ED2A006C7BF9 /* Embed Foundation Extensions */ = {
			isa = PBXCopyFilesBuildPhase;
			buildActionMask = 2147483647;
			dstPath = "";
			dstSubfolderSpec = 13;
			files = (
				B562D8132EC8ED2A006C7BF9 /* LifeOSWidgetsExtension.appex in Embed Foundation Extensions */,
			);
			name = "Embed Foundation Extensions";
			runOnlyForDeploymentPostprocessing = 0;
		};
/* End PBXCopyFilesBuildPhase section */

/* Begin PBXFileReference section */
		B562D7F82EC8ECCF006C7BF9 /* LifeOSWidgets.swift */ = {isa = PBXFileReference; lastKnownFileType = sourcecode.swift; path = LifeOSWidgets.swift; sourceTree = "<group>"; };
		B562D7FF2EC8ED28006C7BF9 /* LifeOSWidgetsExtension.appex */ = {isa = PBXFileReference; explicitFileType = "wrapper.app-extension"; includeInIndex = 0; path = LifeOSWidgetsExtension.appex; sourceTree = BUILT_PRODUCTS_DIR; };
		B562D8012EC8ED28006C7BF9 /* WidgetKit.framework */ = {isa = PBXFileReference; lastKnownFileType = wrapper.framework; name = WidgetKit.framework; path = System/Library/Frameworks/WidgetKit.framework; sourceTree = SDKROOT; };
		B562D8032EC8ED28006C7BF9 /* SwiftUI.framework */ = {isa = PBXFileReference; lastKnownFileType = wrapper.framework; name = SwiftUI.framework; path = System/Library/Frameworks/SwiftUI.framework; sourceTree = SDKROOT; };
		B5F98DBF2EC832FC00E7CC97 /* LifeOS.app */ = {isa = PBXFileReference; explicitFileType = wrapper.application; includeInIndex = 0; path = LifeOS.app; sourceTree = BUILT_PRODUCTS_DIR; };
/* End PBXFileReference section */

/* Begin PBXFileSystemSynchronizedBuildFileExceptionSet section */
		B5AD53732EC8E307006ACFDB /* Exceptions for "LifeOS" folder in "LifeOS" target */ = {
			isa = PBXFileSystemSynchronizedBuildFileExceptionSet;
			membershipExceptions = (
				LifeOS/Models/Despesa.swift,
				LifeOS/Models/Meta.swift,
				LifeOS/Models/Receita.swift,
				LifeOS/Services/CoreDataService.swift,
				LifeOS/Services/PDFExporterService.swift,
				LifeOS/ViewModels/DashboardViewModel.swift,
				LifeOS/ViewModels/DespesasViewModel.swift,
				LifeOS/ViewModels/MetasViewModel.swift,
				LifeOS/ViewModels/ReceitasViewModel.swift,
				LifeOS/Views/DespesasView.swift,
				LifeOS/Views/ReceitasView.swift,
			);
			target = B5F98DBE2EC832FC00E7CC97 /* LifeOS */;
		};
/* End PBXFileSystemSynchronizedBuildFileExceptionSet section */

/* Begin PBXFileSystemSynchronizedRootGroup section */
		B562D82E2EC8F00F006C7BF9 /* LifeOSWidgets */ = {
			isa = PBXFileSystemSynchronizedRootGroup;
			path = LifeOSWidgets;
			sourceTree = "<group>";
		};
		B5F98DC12EC832FC00E7CC97 /* LifeOS */ = {
			isa = PBXFileSystemSynchronizedRootGroup;
			exceptions = (
				B5AD53732EC8E307006ACFDB /* Exceptions for "LifeOS" folder in "LifeOS" target */,
			);
			path = LifeOS;
			sourceTree = "<group>";
		};
/* End PBXFileSystemSynchronizedRootGroup section */

/* Begin PBXFrameworksBuildPhase section */
		B562D7FC2EC8ED28006C7BF9 /* Frameworks */ = {
			isa = PBXFrameworksBuildPhase;
			buildActionMask = 2147483647;
			files = (
				B562D8042EC8ED28006C7BF9 /* SwiftUI.framework in Frameworks */,
				B562D8022EC8ED28006C7BF9 /* WidgetKit.framework in Frameworks */,
			);
			runOnlyForDeploymentPostprocessing = 0;
		};
		B5F98DBC2EC832FC00E7CC97 /* Frameworks */ = {
			isa = PBXFrameworksBuildPhase;
			buildActionMask = 2147483647;
			files = (
			);
			runOnlyForDeploymentPostprocessing = 0;
		};
/* End PBXFrameworksBuildPhase section */

/* Begin PBXGroup section */
		B562D7F92EC8ECCF006C7BF9 /* LifeOSWidgets */ = {
			isa = PBXGroup;
			children = (
				B562D7F82EC8ECCF006C7BF9 /* LifeOSWidgets.swift */,
			);
			path = LifeOSWidgets;
			sourceTree = "<group>";
		};
		B562D8002EC8ED28006C7BF9 /* Frameworks */ = {
			isa = PBXGroup;
			children = (
				B562D8012EC8ED28006C7BF9 /* WidgetKit.framework */,
				B562D8032EC8ED28006C7BF9 /* SwiftUI.framework */,
			);
			name = Frameworks;
			sourceTree = "<group>";
		};
		B5F98DB62EC832FC00E7CC97 = {
			isa = PBXGroup;
			children = (
				B562D7F92EC8ECCF006C7BF9 /* LifeOSWidgets */,
				B5F98DC12EC832FC00E7CC97 /* LifeOS */,
				B562D82E2EC8F00F006C7BF9 /* LifeOSWidgets */,
				B562D8002EC8ED28006C7BF9 /* Frameworks */,
				B5F98DC02EC832FC00E7CC97 /* Products */,
			);
			sourceTree = "<group>";
		};
		B5F98DC02EC832FC00E7CC97 /* Products */ = {
			isa = PBXGroup;
			children = (
				B5F98DBF2EC832FC00E7CC97 /* LifeOS.app */,
				B562D7FF2EC8ED28006C7BF9 /* LifeOSWidgetsExtension.appex */,
			);
			name = Products;
			sourceTree = "<group>";
		};
/* End PBXGroup section */

/* Begin PBXNativeTarget section */
		B562D7FE2EC8ED28006C7BF9 /* LifeOSWidgetsExtension */ = {
			isa = PBXNativeTarget;
			buildConfigurationList = B562D8142EC8ED2A006C7BF9 /* Build configuration list for PBXNativeTarget "LifeOSWidgetsExtension" */;
			buildPhases = (
				B562D7FB2EC8ED28006C7BF9 /* Sources */,
				B562D7FC2EC8ED28006C7BF9 /* Frameworks */,
				B562D7FD2EC8ED28006C7BF9 /* Resources */,
			);
			buildRules = (
			);
			dependencies = (
			);
			name = LifeOSWidgetsExtension;
			packageProductDependencies = (
			);
			productName = LifeOSWidgetsExtension;
			productReference = B562D7FF2EC8ED28006C7BF9 /* LifeOSWidgetsExtension.appex */;
			productType = "com.apple.product-type.app-extension";
		};
		B5F98DBE2EC832FC00E7CC97 /* LifeOS */ = {
			isa = PBXNativeTarget;
			buildConfigurationList = B5F98DCA2EC832FF00E7CC97 /* Build configuration list for PBXNativeTarget "LifeOS" */;
			buildPhases = (
				B5F98DBB2EC832FC00E7CC97 /* Sources */,
				B5F98DBC2EC832FC00E7CC97 /* Frameworks */,
				B5F98DBD2EC832FC00E7CC97 /* Resources */,
				B562D8182EC8ED2A006C7BF9 /* Embed Foundation Extensions */,
			);
			buildRules = (
			);
			dependencies = (
				B562D8122EC8ED2A006C7BF9 /* PBXTargetDependency */,
			);
			fileSystemSynchronizedGroups = (
				B5F98DC12EC832FC00E7CC97 /* LifeOS */,
			);
			name = LifeOS;
			packageProductDependencies = (
			);
			productName = LifeOS;
			productReference = B5F98DBF2EC832FC00E7CC97 /* LifeOS.app */;
			productType = "com.apple.product-type.application";
		};
/* End PBXNativeTarget section */

/* Begin PBXProject section */
		B5F98DB72EC832FC00E7CC97 /* Project object */ = {
			isa = PBXProject;
			attributes = {
				BuildIndependentTargetsInParallel = 1;
				LastSwiftUpdateCheck = 2610;
				LastUpgradeCheck = 2610;
				TargetAttributes = {
					B562D7FE2EC8ED28006C7BF9 = {
						CreatedOnToolsVersion = 26.1.1;
					};
					B5F98DBE2EC832FC00E7CC97 = {
						CreatedOnToolsVersion = 26.1.1;
					};
				};
			};
			buildConfigurationList = B5F98DBA2EC832FC00E7CC97 /* Build configuration list for PBXProject "LifeOS" */;
			developmentRegion = "pt-BR";
			hasScannedForEncodings = 0;
			knownRegions = (
				Base,
				"pt-BR",
			);
			mainGroup = B5F98DB62EC832FC00E7CC97;
			minimizedProjectReferenceProxies = 1;
			preferredProjectObjectVersion = 77;
			productRefGroup = B5F98DC02EC832FC00E7CC97 /* Products */;
			projectDirPath = "";
			projectRoot = "";
			targets = (
				B5F98DBE2EC832FC00E7CC97 /* LifeOS */,
				B562D7FE2EC8ED28006C7BF9 /* LifeOSWidgetsExtension */,
			);
		};
/* End PBXProject section */

/* Begin PBXResourcesBuildPhase section */
		B562D7FD2EC8ED28006C7BF9 /* Resources */ = {
			isa = PBXResourcesBuildPhase;
			buildActionMask = 2147483647;
			files = (
			);
			runOnlyForDeploymentPostprocessing = 0;
		};
		B5F98DBD2EC832FC00E7CC97 /* Resources */ = {
			isa = PBXResourcesBuildPhase;
			buildActionMask = 2147483647;
			files = (
			);
			runOnlyForDeploymentPostprocessing = 0;
		};
/* End PBXResourcesBuildPhase section */

/* Begin PBXSourcesBuildPhase section */
		B562D7FB2EC8ED28006C7BF9 /* Sources */ = {
			isa = PBXSourcesBuildPhase;
			buildActionMask = 2147483647;
			files = (
				B562D8192EC8ED32006C7BF9 /* LifeOSWidgets.swift in Sources */,
			);
			runOnlyForDeploymentPostprocessing = 0;
		};
		B5F98DBB2EC832FC00E7CC97 /* Sources */ = {
			isa = PBXSourcesBuildPhase;
			buildActionMask = 2147483647;
			files = (
			);
			runOnlyForDeploymentPostprocessing = 0;
		};
/* End PBXSourcesBuildPhase section */

/* Begin PBXTargetDependency section */
		B562D8122EC8ED2A006C7BF9 /* PBXTargetDependency */ = {
			isa = PBXTargetDependency;
			target = B562D7FE2EC8ED28006C7BF9 /* LifeOSWidgetsExtension */;
			targetProxy = B562D8112EC8ED2A006C7BF9 /* PBXContainerItemProxy */;
		};
/* End PBXTargetDependency section */

/* Begin XCBuildConfiguration section */
		B562D8152EC8ED2A006C7BF9 /* Debug */ = {
			isa = XCBuildConfiguration;
			buildSettings = {
				ASSETCATALOG_COMPILER_GLOBAL_ACCENT_COLOR_NAME = AccentColor;
				ASSETCATALOG_COMPILER_WIDGET_BACKGROUND_COLOR_NAME = WidgetBackground;
				CODE_SIGN_STYLE = Automatic;
				CURRENT_PROJECT_VERSION = 1;
				ENABLE_APP_SANDBOX = YES;
				GENERATE_INFOPLIST_FILE = YES;
				INFOPLIST_FILE = LifeOSWidgets/Info.plist;
				INFOPLIST_KEY_CFBundleDisplayName = LifeOSWidgets;
				INFOPLIST_KEY_NSHumanReadableCopyright = "";
				LD_RUNPATH_SEARCH_PATHS = (
					"$(inherited)",
					"@executable_path/../Frameworks",
					"@executable_path/../../../../Frameworks",
				);
				MACOSX_DEPLOYMENT_TARGET = 26.1;
				MARKETING_VERSION = 1.0;
				PRODUCT_BUNDLE_IDENTIFIER = Abel.LifeOS.LifeOSWidgets;
				PRODUCT_NAME = "$(TARGET_NAME)";
				SKIP_INSTALL = YES;
				STRING_CATALOG_GENERATE_SYMBOLS = YES;
				SWIFT_APPROACHABLE_CONCURRENCY = YES;
				SWIFT_EMIT_LOC_STRINGS = YES;
				SWIFT_UPCOMING_FEATURE_MEMBER_IMPORT_VISIBILITY = YES;
				SWIFT_VERSION = 5.0;
			};
			name = Debug;
		};
		B562D8162EC8ED2A006C7BF9 /* Release */ = {
			isa = XCBuildConfiguration;
			buildSettings = {
				ASSETCATALOG_COMPILER_GLOBAL_ACCENT_COLOR_NAME = AccentColor;
				ASSETCATALOG_COMPILER_WIDGET_BACKGROUND_COLOR_NAME = WidgetBackground;
				CODE_SIGN_STYLE = Automatic;
				CURRENT_PROJECT_VERSION = 1;
				ENABLE_APP_SANDBOX = YES;
				GENERATE_INFOPLIST_FILE = YES;
				INFOPLIST_FILE = LifeOSWidgets/Info.plist;
				INFOPLIST_KEY_CFBundleDisplayName = LifeOSWidgets;
				INFOPLIST_KEY_NSHumanReadableCopyright = "";
				LD_RUNPATH_SEARCH_PATHS = (
					"$(inherited)",
					"@executable_path/../Frameworks",
					"@executable_path/../../../../Frameworks",
				);
				MACOSX_DEPLOYMENT_TARGET = 26.1;
				MARKETING_VERSION = 1.0;
				PRODUCT_BUNDLE_IDENTIFIER = Abel.LifeOS.LifeOSWidgets;
				PRODUCT_NAME = "$(TARGET_NAME)";
				SKIP_INSTALL = YES;
				STRING_CATALOG_GENERATE_SYMBOLS = YES;
				SWIFT_APPROACHABLE_CONCURRENCY = YES;
				SWIFT_EMIT_LOC_STRINGS = YES;
				SWIFT_UPCOMING_FEATURE_MEMBER_IMPORT_VISIBILITY = YES;
				SWIFT_VERSION = 5.0;
			};
			name = Release;
		};
		B5F98DC82EC832FF00E7CC97 /* Debug */ = {
			isa = XCBuildConfiguration;
			buildSettings = {
				ALWAYS_SEARCH_USER_PATHS = NO;
				ASSETCATALOG_COMPILER_GENERATE_SWIFT_ASSET_SYMBOL_EXTENSIONS = YES;
				CLANG_ANALYZER_NONNULL = YES;
				CLANG_ANALYZER_NUMBER_OBJECT_CONVERSION = YES_AGGRESSIVE;
				CLANG_CXX_LANGUAGE_STANDARD = "gnu++20";
				CLANG_ENABLE_MODULES = YES;
				CLANG_ENABLE_OBJC_ARC = YES;
				CLANG_ENABLE_OBJC_WEAK = YES;
				CLANG_WARN_BLOCK_CAPTURE_AUTORELEASING = YES;
				CLANG_WARN_BOOL_CONVERSION = YES;
				CLANG_WARN_COMMA = YES;
				CLANG_WARN_CONSTANT_CONVERSION = YES;
				CLANG_WARN_DEPRECATED_OBJC_IMPLEMENTATIONS = YES;
				CLANG_WARN_DIRECT_OBJC_ISA_USAGE = YES_ERROR;
				CLANG_WARN_DOCUMENTATION_COMMENTS = YES;
				CLANG_WARN_EMPTY_BODY = YES;
				CLANG_WARN_ENUM_CONVERSION = YES;
				CLANG_WARN_INFINITE_RECURSION = YES;
				CLANG_WARN_INT_CONVERSION = YES;
				CLANG_WARN_NON_LITERAL_NULL_CONVERSION = YES;
				CLANG_WARN_OBJC_IMPLICIT_RETAIN_SELF = YES;
				CLANG_WARN_OBJC_LITERAL_CONVERSION = YES;
				CLANG_WARN_OBJC_ROOT_CLASS = YES_ERROR;
				CLANG_WARN_QUOTED_INCLUDE_IN_FRAMEWORK_HEADER = YES;
				CLANG_WARN_RANGE_LOOP_ANALYSIS = YES;
				CLANG_WARN_STRICT_PROTOTYPES = YES;
				CLANG_WARN_SUSPICIOUS_MOVE = YES;
				CLANG_WARN_UNGUARDED_AVAILABILITY = YES_AGGRESSIVE;
				CLANG_WARN_UNREACHABLE_CODE = YES;
				CLANG_WARN__DUPLICATE_METHOD_MATCH = YES;
				COPY_PHASE_STRIP = NO;
				DEBUG_INFORMATION_FORMAT = dwarf;
				ENABLE_STRICT_OBJC_MSGSEND = YES;
				ENABLE_TESTABILITY = YES;
				ENABLE_USER_SCRIPT_SANDBOXING = YES;
				GCC_C_LANGUAGE_STANDARD = gnu17;
				GCC_DYNAMIC_NO_PIC = NO;
				GCC_NO_COMMON_BLOCKS = YES;
				GCC_OPTIMIZATION_LEVEL = 0;
				GCC_PREPROCESSOR_DEFINITIONS = (
					"DEBUG=1",
					"$(inherited)",
				);
				GCC_WARN_64_TO_32_BIT_CONVERSION = YES;
				GCC_WARN_ABOUT_RETURN_TYPE = YES_ERROR;
				GCC_WARN_UNDECLARED_SELECTOR = YES;
				GCC_WARN_UNINITIALIZED_AUTOS = YES_AGGRESSIVE;
				GCC_WARN_UNUSED_FUNCTION = YES;
				GCC_WARN_UNUSED_VARIABLE = YES;
				LOCALIZATION_PREFERS_STRING_CATALOGS = YES;
				MACOSX_DEPLOYMENT_TARGET = 26.1;
				MTL_ENABLE_DEBUG_INFO = INCLUDE_SOURCE;
				MTL_FAST_MATH = YES;
				ONLY_ACTIVE_ARCH = YES;
				SDKROOT = macosx;
				SWIFT_ACTIVE_COMPILATION_CONDITIONS = "DEBUG $(inherited)";
				SWIFT_OPTIMIZATION_LEVEL = "-Onone";
			};
			name = Debug;
		};
		B5F98DC92EC832FF00E7CC97 /* Release */ = {
			isa = XCBuildConfiguration;
			buildSettings = {
				ALWAYS_SEARCH_USER_PATHS = NO;
				ASSETCATALOG_COMPILER_GENERATE_SWIFT_ASSET_SYMBOL_EXTENSIONS = YES;
				CLANG_ANALYZER_NONNULL = YES;
				CLANG_ANALYZER_NUMBER_OBJECT_CONVERSION = YES_AGGRESSIVE;
				CLANG_CXX_LANGUAGE_STANDARD = "gnu++20";
				CLANG_ENABLE_MODULES = YES;
				CLANG_ENABLE_OBJC_ARC = YES;
				CLANG_ENABLE_OBJC_WEAK = YES;
				CLANG_WARN_BLOCK_CAPTURE_AUTORELEASING = YES;
				CLANG_WARN_BOOL_CONVERSION = YES;
				CLANG_WARN_COMMA = YES;
				CLANG_WARN_CONSTANT_CONVERSION = YES;
				CLANG_WARN_DEPRECATED_OBJC_IMPLEMENTATIONS = YES;
				CLANG_WARN_DIRECT_OBJC_ISA_USAGE = YES_ERROR;
				CLANG_WARN_DOCUMENTATION_COMMENTS = YES;
				CLANG_WARN_EMPTY_BODY = YES;
				CLANG_WARN_ENUM_CONVERSION = YES;
				CLANG_WARN_INFINITE_RECURSION = YES;
				CLANG_WARN_INT_CONVERSION = YES;
				CLANG_WARN_NON_LITERAL_NULL_CONVERSION = YES;
				CLANG_WARN_OBJC_IMPLICIT_RETAIN_SELF = YES;
				CLANG_WARN_OBJC_LITERAL_CONVERSION = YES;
				CLANG_WARN_OBJC_ROOT_CLASS = YES_ERROR;
				CLANG_WARN_QUOTED_INCLUDE_IN_FRAMEWORK_HEADER = YES;
				CLANG_WARN_RANGE_LOOP_ANALYSIS = YES;
				CLANG_WARN_STRICT_PROTOTYPES = YES;
				CLANG_WARN_SUSPICIOUS_MOVE = YES;
				CLANG_WARN_UNGUARDED_AVAILABILITY = YES_AGGRESSIVE;
				CLANG_WARN_UNREACHABLE_CODE = YES;
				CLANG_WARN__DUPLICATE_METHOD_MATCH = YES;
				COPY_PHASE_STRIP = NO;
				DEBUG_INFORMATION_FORMAT = "dwarf-with-dsym";
				ENABLE_NS_ASSERTIONS = NO;
				ENABLE_STRICT_OBJC_MSGSEND = YES;
				ENABLE_USER_SCRIPT_SANDBOXING = YES;
				GCC_C_LANGUAGE_STANDARD = gnu17;
				GCC_NO_COMMON_BLOCKS = YES;
				GCC_WARN_64_TO_32_BIT_CONVERSION = YES;
				GCC_WARN_ABOUT_RETURN_TYPE = YES_ERROR;
				GCC_WARN_UNDECLARED_SELECTOR = YES;
				GCC_WARN_UNINITIALIZED_AUTOS = YES_AGGRESSIVE;
				GCC_WARN_UNUSED_FUNCTION = YES;
				GCC_WARN_UNUSED_VARIABLE = YES;
				LOCALIZATION_PREFERS_STRING_CATALOGS = YES;
				MACOSX_DEPLOYMENT_TARGET = 26.1;
				MTL_ENABLE_DEBUG_INFO = NO;
				MTL_FAST_MATH = YES;
				SDKROOT = macosx;
				SWIFT_COMPILATION_MODE = wholemodule;
			};
			name = Release;
		};
		B5F98DCB2EC832FF00E7CC97 /* Debug */ = {
			isa = XCBuildConfiguration;
			buildSettings = {
				ASSETCATALOG_COMPILER_APPICON_NAME = AppIcon;
				ASSETCATALOG_COMPILER_GLOBAL_ACCENT_COLOR_NAME = AccentColor;
				CODE_SIGN_STYLE = Automatic;
				COMBINE_HIDPI_IMAGES = YES;
				CURRENT_PROJECT_VERSION = 1;
				ENABLE_APP_SANDBOX = YES;
				ENABLE_PREVIEWS = YES;
				ENABLE_USER_SELECTED_FILES = readonly;
				GENERATE_INFOPLIST_FILE = YES;
				INFOPLIST_KEY_NSHumanReadableCopyright = "";
				LD_RUNPATH_SEARCH_PATHS = (
					"$(inherited)",
					"@executable_path/../Frameworks",
				);
				MARKETING_VERSION = 1.0;
				PRODUCT_BUNDLE_IDENTIFIER = Abel.LifeOS;
				PRODUCT_NAME = "$(TARGET_NAME)";
				REGISTER_APP_GROUPS = YES;
				STRING_CATALOG_GENERATE_SYMBOLS = NO;
				SWIFT_APPROACHABLE_CONCURRENCY = YES;
				SWIFT_DEFAULT_ACTOR_ISOLATION = MainActor;
				SWIFT_EMIT_LOC_STRINGS = YES;
				SWIFT_UPCOMING_FEATURE_MEMBER_IMPORT_VISIBILITY = YES;
				SWIFT_VERSION = 5.0;
			};
			name = Debug;
		};
		B5F98DCC2EC832FF00E7CC97 /* Release */ = {
			isa = XCBuildConfiguration;
			buildSettings = {
				ASSETCATALOG_COMPILER_APPICON_NAME = AppIcon;
				ASSETCATALOG_COMPILER_GLOBAL_ACCENT_COLOR_NAME = AccentColor;
				CODE_SIGN_STYLE = Automatic;
				COMBINE_HIDPI_IMAGES = YES;
				CURRENT_PROJECT_VERSION = 1;
				ENABLE_APP_SANDBOX = YES;
				ENABLE_PREVIEWS = YES;
				ENABLE_USER_SELECTED_FILES = readonly;
				GENERATE_INFOPLIST_FILE = YES;
				INFOPLIST_KEY_NSHumanReadableCopyright = "";
				LD_RUNPATH_SEARCH_PATHS = (
					"$(inherited)",
					"@executable_path/../Frameworks",
				);
				MARKETING_VERSION = 1.0;
				PRODUCT_BUNDLE_IDENTIFIER = Abel.LifeOS;
				PRODUCT_NAME = "$(TARGET_NAME)";
				REGISTER_APP_GROUPS = YES;
				STRING_CATALOG_GENERATE_SYMBOLS = NO;
				SWIFT_APPROACHABLE_CONCURRENCY = YES;
				SWIFT_DEFAULT_ACTOR_ISOLATION = MainActor;
				SWIFT_EMIT_LOC_STRINGS = YES;
				SWIFT_UPCOMING_FEATURE_MEMBER_IMPORT_VISIBILITY = YES;
				SWIFT_VERSION = 5.0;
			};
			name = Release;
		};
/* End XCBuildConfiguration section */

/* Begin XCConfigurationList section */
		B562D8142EC8ED2A006C7BF9 /* Build configuration list for PBXNativeTarget "LifeOSWidgetsExtension" */ = {
			isa = XCConfigurationList;
			buildConfigurations = (
				B562D8152EC8ED2A006C7BF9 /* Debug */,
				B562D8162EC8ED2A006C7BF9 /* Release */,
			);
			defaultConfigurationIsVisible = 0;
			defaultConfigurationName = Release;
		};
		B5F98DBA2EC832FC00E7CC97 /* Build configuration list for PBXProject "LifeOS" */ = {
			isa = XCConfigurationList;
			buildConfigurations = (
				B5F98DC82EC832FF00E7CC97 /* Debug */,
				B5F98DC92EC832FF00E7CC97 /* Release */,
			);
			defaultConfigurationIsVisible = 0;
			defaultConfigurationName = Release;
		};
		B5F98DCA2EC832FF00E7CC97 /* Build configuration list for PBXNativeTarget "LifeOS" */ = {
			isa = XCConfigurationList;
			buildConfigurations = (
				B5F98DCB2EC832FF00E7CC97 /* Debug */,
				B5F98DCC2EC832FF00E7CC97 /* Release */,
			);
			defaultConfigurationIsVisible = 0;
			defaultConfigurationName = Release;
		};
/* End XCConfigurationList section */
	};
	rootObject = B5F98DB72EC832FC00E7CC97 /* Project object */;
}
